// !$*UTF8*$!
{
	archiveVersion = 1;
	classes = {
	};
	objectVersion = 46;
	objects = {

/* Begin PBXBuildFile section */
		2329F5491C66C4C900F8270E /* AppDelegate.swift in Sources */ = {isa = PBXBuildFile; fileRef = 2329F5481C66C4C900F8270E /* AppDelegate.swift */; };
		2329F54B1C66C4C900F8270E /* ViewController.swift in Sources */ = {isa = PBXBuildFile; fileRef = 2329F54A1C66C4C900F8270E /* ViewController.swift */; };
		2329F54E1C66C4C900F8270E /* Main.storyboard in Resources */ = {isa = PBXBuildFile; fileRef = 2329F54C1C66C4C900F8270E /* Main.storyboard */; };
		2329F5501C66C4C900F8270E /* Assets.xcassets in Resources */ = {isa = PBXBuildFile; fileRef = 2329F54F1C66C4C900F8270E /* Assets.xcassets */; };
		2329F5531C66C4C900F8270E /* LaunchScreen.storyboard in Resources */ = {isa = PBXBuildFile; fileRef = 2329F5511C66C4C900F8270E /* LaunchScreen.storyboard */; };
		2329F55E1C66C4C900F8270E /* ProyectosTecTests.swift in Sources */ = {isa = PBXBuildFile; fileRef = 2329F55D1C66C4C900F8270E /* ProyectosTecTests.swift */; };
		2329F5691C66C4C900F8270E /* ProyectosTecUITests.swift in Sources */ = {isa = PBXBuildFile; fileRef = 2329F5681C66C4C900F8270E /* ProyectosTecUITests.swift */; };
/* End PBXBuildFile section */

/* Begin PBXContainerItemProxy section */
		2329F55A1C66C4C900F8270E /* PBXContainerItemProxy */ = {
			isa = PBXContainerItemProxy;
			containerPortal = 2329F53D1C66C4C900F8270E /* Project object */;
			proxyType = 1;
			remoteGlobalIDString = 2329F5441C66C4C900F8270E;
			remoteInfo = ProyectosTec;
		};
		2329F5651C66C4C900F8270E /* PBXContainerItemProxy */ = {
			isa = PBXContainerItemProxy;
			containerPortal = 2329F53D1C66C4C900F8270E /* Project object */;
			proxyType = 1;
			remoteGlobalIDString = 2329F5441C66C4C900F8270E;
			remoteInfo = ProyectosTec;
		};
/* End PBXContainerItemProxy section */

/* Begin PBXFileReference section */
		2329F5451C66C4C900F8270E /* ProyectosTec.app */ = {isa = PBXFileReference; explicitFileType = wrapper.application; includeInIndex = 0; path = ProyectosTec.app; sourceTree = BUILT_PRODUCTS_DIR; };
		2329F5481C66C4C900F8270E /* AppDelegate.swift */ = {isa = PBXFileReference; lastKnownFileType = sourcecode.swift; path = AppDelegate.swift; sourceTree = "<group>"; };
		2329F54A1C66C4C900F8270E /* ViewController.swift */ = {isa = PBXFileReference; lastKnownFileType = sourcecode.swift; path = ViewController.swift; sourceTree = "<group>"; };
		2329F54D1C66C4C900F8270E /* Base */ = {isa = PBXFileReference; lastKnownFileType = file.storyboard; name = Base; path = Base.lproj/Main.storyboard; sourceTree = "<group>"; };
		2329F54F1C66C4C900F8270E /* Assets.xcassets */ = {isa = PBXFileReference; lastKnownFileType = folder.assetcatalog; path = Assets.xcassets; sourceTree = "<group>"; };
		2329F5521C66C4C900F8270E /* Base */ = {isa = PBXFileReference; lastKnownFileType = file.storyboard; name = Base; path = Base.lproj/LaunchScreen.storyboard; sourceTree = "<group>"; };
		2329F5541C66C4C900F8270E /* Info.plist */ = {isa = PBXFileReference; lastKnownFileType = text.plist.xml; path = Info.plist; sourceTree = "<group>"; };
		2329F5591C66C4C900F8270E /* ProyectosTecTests.xctest */ = {isa = PBXFileReference; explicitFileType = wrapper.cfbundle; includeInIndex = 0; path = ProyectosTecTests.xctest; sourceTree = BUILT_PRODUCTS_DIR; };
		2329F55D1C66C4C900F8270E /* ProyectosTecTests.swift */ = {isa = PBXFileReference; lastKnownFileType = sourcecode.swift; path = ProyectosTecTests.swift; sourceTree = "<group>"; };
		2329F55F1C66C4C900F8270E /* Info.plist */ = {isa = PBXFileReference; lastKnownFileType = text.plist.xml; path = Info.plist; sourceTree = "<group>"; };
		2329F5641C66C4C900F8270E /* ProyectosTecUITests.xctest */ = {isa = PBXFileReference; explicitFileType = wrapper.cfbundle; includeInIndex = 0; path = ProyectosTecUITests.xctest; sourceTree = BUILT_PRODUCTS_DIR; };
		2329F5681C66C4C900F8270E /* ProyectosTecUITests.swift */ = {isa = PBXFileReference; lastKnownFileType = sourcecode.swift; path = ProyectosTecUITests.swift; sourceTree = "<group>"; };
		2329F56A1C66C4C900F8270E /* Info.plist */ = {isa = PBXFileReference; lastKnownFileType = text.plist.xml; path = Info.plist; sourceTree = "<group>"; };
		23AD3CDE1C66C689004A7072 /* miniReto.playground */ = {isa = PBXFileReference; lastKnownFileType = file.playground; name = miniReto.playground; path = ../miniReto.playground; sourceTree = "<group>"; };
/* End PBXFileReference section */

/* Begin PBXFrameworksBuildPhase section */
		2329F5421C66C4C900F8270E /* Frameworks */ = {
			isa = PBXFrameworksBuildPhase;
			buildActionMask = 2147483647;
			files = (
			);
			runOnlyForDeploymentPostprocessing = 0;
		};
		2329F5561C66C4C900F8270E /* Frameworks */ = {
			isa = PBXFrameworksBuildPhase;
			buildActionMask = 2147483647;
			files = (
			);
			runOnlyForDeploymentPostprocessing = 0;
		};
		2329F5611C66C4C900F8270E /* Frameworks */ = {
			isa = PBXFrameworksBuildPhase;
			buildActionMask = 2147483647;
			files = (
			);
			runOnlyForDeploymentPostprocessing = 0;
		};
/* End PBXFrameworksBuildPhase section */

/* Begin PBXGroup section */
		2329F53C1C66C4C900F8270E = {
			isa = PBXGroup;
			children = (
				23AD3CDE1C66C689004A7072 /* miniReto.playground */,
				2329F5471C66C4C900F8270E /* ProyectosTec */,
				2329F55C1C66C4C900F8270E /* ProyectosTecTests */,
				2329F5671C66C4C900F8270E /* ProyectosTecUITests */,
				2329F5461C66C4C900F8270E /* Products */,
			);
			sourceTree = "<group>";
		};
		2329F5461C66C4C900F8270E /* Products */ = {
			isa = PBXGroup;
			children = (
				2329F5451C66C4C900F8270E /* ProyectosTec.app */,
				2329F5591C66C4C900F8270E /* ProyectosTecTests.xctest */,
				2329F5641C66C4C900F8270E /* ProyectosTecUITests.xctest */,
			);
			name = Products;
			sourceTree = "<group>";
		};
		2329F5471C66C4C900F8270E /* ProyectosTec */ = {
			isa = PBXGroup;
			children = (
				2329F5481C66C4C900F8270E /* AppDelegate.swift */,
				2329F54A1C66C4C900F8270E /* ViewController.swift */,
				2329F54C1C66C4C900F8270E /* Main.storyboard */,
				2329F54F1C66C4C900F8270E /* Assets.xcassets */,
				2329F5511C66C4C900F8270E /* LaunchScreen.storyboard */,
				2329F5541C66C4C900F8270E /* Info.plist */,
			);
			path = ProyectosTec;
			sourceTree = "<group>";
		};
		2329F55C1C66C4C900F8270E /* ProyectosTecTests */ = {
			isa = PBXGroup;
			children = (
				2329F55D1C66C4C900F8270E /* ProyectosTecTests.swift */,
				2329F55F1C66C4C900F8270E /* Info.plist */,
			);
			path = ProyectosTecTests;
			sourceTree = "<group>";
		};
		2329F5671C66C4C900F8270E /* ProyectosTecUITests */ = {
			isa = PBXGroup;
			children = (
				2329F5681C66C4C900F8270E /* ProyectosTecUITests.swift */,
				2329F56A1C66C4C900F8270E /* Info.plist */,
			);
			path = ProyectosTecUITests;
			sourceTree = "<group>";
		};
/* End PBXGroup section */

/* Begin PBXNativeTarget section */
		2329F5441C66C4C900F8270E /* ProyectosTec */ = {
			isa = PBXNativeTarget;
			buildConfigurationList = 2329F56D1C66C4C900F8270E /* Build configuration list for PBXNativeTarget "ProyectosTec" */;
			buildPhases = (
				2329F5411C66C4C900F8270E /* Sources */,
				2329F5421C66C4C900F8270E /* Frameworks */,
				2329F5431C66C4C900F8270E /* Resources */,
			);
			buildRules = (
			);
			dependencies = (
			);
			name = ProyectosTec;
			productName = ProyectosTec;
			productReference = 2329F5451C66C4C900F8270E /* ProyectosTec.app */;
			productType = "com.apple.product-type.application";
		};
		2329F5581C66C4C900F8270E /* ProyectosTecTests */ = {
			isa = PBXNativeTarget;
			buildConfigurationList = 2329F5701C66C4C900F8270E /* Build configuration list for PBXNativeTarget "ProyectosTecTests" */;
			buildPhases = (
				2329F5551C66C4C900F8270E /* Sources */,
				2329F5561C66C4C900F8270E /* Frameworks */,
				2329F5571C66C4C900F8270E /* Resources */,
			);
			buildRules = (
			);
			dependencies = (
				2329F55B1C66C4C900F8270E /* PBXTargetDependency */,
			);
			name = ProyectosTecTests;
			productName = ProyectosTecTests;
			productReference = 2329F5591C66C4C900F8270E /* ProyectosTecTests.xctest */;
			productType = "com.apple.product-type.bundle.unit-test";
		};
		2329F5631C66C4C900F8270E /* ProyectosTecUITests */ = {
			isa = PBXNativeTarget;
			buildConfigurationList = 2329F5731C66C4C900F8270E /* Build configuration list for PBXNativeTarget "ProyectosTecUITests" */;
			buildPhases = (
				2329F5601C66C4C900F8270E /* Sources */,
				2329F5611C66C4C900F8270E /* Frameworks */,
				2329F5621C66C4C900F8270E /* Resources */,
			);
			buildRules = (
			);
			dependencies = (
				2329F5661C66C4C900F8270E /* PBXTargetDependency */,
			);
			name = ProyectosTecUITests;
			productName = ProyectosTecUITests;
			productReference = 2329F5641C66C4C900F8270E /* ProyectosTecUITests.xctest */;
			productType = "com.apple.product-type.bundle.ui-testing";
		};
/* End PBXNativeTarget section */

/* Begin PBXProject section */
		2329F53D1C66C4C900F8270E /* Project object */ = {
			isa = PBXProject;
			attributes = {
				LastSwiftUpdateCheck = 0730;
				LastUpgradeCheck = 0730;
				ORGANIZATIONNAME = "Pablo Hernández";
				TargetAttributes = {
					2329F5441C66C4C900F8270E = {
						CreatedOnToolsVersion = 7.3;
					};
					2329F5581C66C4C900F8270E = {
						CreatedOnToolsVersion = 7.3;
						TestTargetID = 2329F5441C66C4C900F8270E;
					};
					2329F5631C66C4C900F8270E = {
						CreatedOnToolsVersion = 7.3;
						TestTargetID = 2329F5441C66C4C900F8270E;
					};
				};
			};
			buildConfigurationList = 2329F5401C66C4C900F8270E /* Build configuration list for PBXProject "ProyectosTec" */;
			compatibilityVersion = "Xcode 3.2";
			developmentRegion = English;
			hasScannedForEncodings = 0;
			knownRegions = (
				en,
				Base,
			);
			mainGroup = 2329F53C1C66C4C900F8270E;
			productRefGroup = 2329F5461C66C4C900F8270E /* Products */;
			projectDirPath = "";
			projectRoot = "";
			targets = (
				2329F5441C66C4C900F8270E /* ProyectosTec */,
				2329F5581C66C4C900F8270E /* ProyectosTecTests */,
				2329F5631C66C4C900F8270E /* ProyectosTecUITests */,
			);
		};
/* End PBXProject section */

/* Begin PBXResourcesBuildPhase section */
		2329F5431C66C4C900F8270E /* Resources */ = {
			isa = PBXResourcesBuildPhase;
			buildActionMask = 2147483647;
			files = (
				2329F5531C66C4C900F8270E /* LaunchScreen.storyboard in Resources */,
				2329F5501C66C4C900F8270E /* Assets.xcassets in Resources */,
				2329F54E1C66C4C900F8270E /* Main.storyboard in Resources */,
			);
			runOnlyForDeploymentPostprocessing = 0;
		};
		2329F5571C66C4C900F8270E /* Resources */ = {
			isa = PBXResourcesBuildPhase;
			buildActionMask = 2147483647;
			files = (
			);
			runOnlyForDeploymentPostprocessing = 0;
		};
		2329F5621C66C4C900F8270E /* Resources */ = {
			isa = PBXResourcesBuildPhase;
			buildActionMask = 2147483647;
			files = (
			);
			runOnlyForDeploymentPostprocessing = 0;
		};
/* End PBXResourcesBuildPhase section */

/* Begin PBXSourcesBuildPhase section */
		2329F5411C66C4C900F8270E /* Sources */ = {
			isa = PBXSourcesBuildPhase;
			buildActionMask = 2147483647;
			files = (
				2329F54B1C66C4C900F8270E /* ViewController.swift in Sources */,
				2329F5491C66C4C900F8270E /* AppDelegate.swift in Sources */,
			);
			runOnlyForDeploymentPostprocessing = 0;
		};
		2329F5551C66C4C900F8270E /* Sources */ = {
			isa = PBXSourcesBuildPhase;
			buildActionMask = 2147483647;
			files = (
				2329F55E1C66C4C900F8270E /* ProyectosTecTests.swift in Sources */,
			);
			runOnlyForDeploymentPostprocessing = 0;
		};
		2329F5601C66C4C900F8270E /* Sources */ = {
			isa = PBXSourcesBuildPhase;
			buildActionMask = 2147483647;
			files = (
				2329F5691C66C4C900F8270E /* ProyectosTecUITests.swift in Sources */,
			);
			runOnlyForDeploymentPostprocessing = 0;
		};
/* End PBXSourcesBuildPhase section */

/* Begin PBXTargetDependency section */
		2329F55B1C66C4C900F8270E /* PBXTargetDependency */ = {
			isa = PBXTargetDependency;
			target = 2329F5441C66C4C900F8270E /* ProyectosTec */;
			targetProxy = 2329F55A1C66C4C900F8270E /* PBXContainerItemProxy */;
		};
		2329F5661C66C4C900F8270E /* PBXTargetDependency */ = {
			isa = PBXTargetDependency;
			target = 2329F5441C66C4C900F8270E /* ProyectosTec */;
			targetProxy = 2329F5651C66C4C900F8270E /* PBXContainerItemProxy */;
		};
/* End PBXTargetDependency section */

/* Begin PBXVariantGroup section */
		2329F54C1C66C4C900F8270E /* Main.storyboard */ = {
			isa = PBXVariantGroup;
			children = (
				2329F54D1C66C4C900F8270E /* Base */,
			);
			name = Main.storyboard;
			sourceTree = "<group>";
		};
		2329F5511C66C4C900F8270E /* LaunchScreen.storyboard */ = {
			isa = PBXVariantGroup;
			children = (
				2329F5521C66C4C900F8270E /* Base */,
			);
			name = LaunchScreen.storyboard;
			sourceTree = "<group>";
		};
/* End PBXVariantGroup section */

/* Begin XCBuildConfiguration section */
		2329F56B1C66C4C900F8270E /* Debug */ = {
			isa = XCBuildConfiguration;
			buildSettings = {
				ALWAYS_SEARCH_USER_PATHS = NO;
				CLANG_CXX_LANGUAGE_STANDARD = "gnu++0x";
				CLANG_CXX_LIBRARY = "libc++";
				CLANG_ENABLE_MODULES = YES;
				CLANG_ENABLE_OBJC_ARC = YES;
				CLANG_WARN_BOOL_CONVERSION = YES;
				CLANG_WARN_CONSTANT_CONVERSION = YES;
				CLANG_WARN_DIRECT_OBJC_ISA_USAGE = YES_ERROR;
				CLANG_WARN_EMPTY_BODY = YES;
				CLANG_WARN_ENUM_CONVERSION = YES;
				CLANG_WARN_INT_CONVERSION = YES;
				CLANG_WARN_OBJC_ROOT_CLASS = YES_ERROR;
				CLANG_WARN_UNREACHABLE_CODE = YES;
				CLANG_WARN__DUPLICATE_METHOD_MATCH = YES;
				"CODE_SIGN_IDENTITY[sdk=iphoneos*]" = "iPhone Developer";
				COPY_PHASE_STRIP = NO;
				DEBUG_INFORMATION_FORMAT = dwarf;
				ENABLE_STRICT_OBJC_MSGSEND = YES;
				ENABLE_TESTABILITY = YES;
				GCC_C_LANGUAGE_STANDARD = gnu99;
				GCC_DYNAMIC_NO_PIC = NO;
				GCC_NO_COMMON_BLOCKS = YES;
				GCC_OPTIMIZATION_LEVEL = 0;
				GCC_PREPROCESSOR_DEFINITIONS = (
					"DEBUG=1",
					"$(inherited)",
				);
				GCC_WARN_64_TO_32_BIT_CONVERSION = YES;
				GCC_WARN_ABOUT_RETURN_TYPE = YES_ERROR;
				GCC_WARN_UNDECLARED_SELECTOR = YES;
				GCC_WARN_UNINITIALIZED_AUTOS = YES_AGGRESSIVE;
				GCC_WARN_UNUSED_FUNCTION = YES;
				GCC_WARN_UNUSED_VARIABLE = YES;
				IPHONEOS_DEPLOYMENT_TARGET = 9.3;
				MTL_ENABLE_DEBUG_INFO = YES;
				ONLY_ACTIVE_ARCH = YES;
				SDKROOT = iphoneos;
				SWIFT_OPTIMIZATION_LEVEL = "-Onone";
			};
			name = Debug;
		};
		2329F56C1C66C4C900F8270E /* Release */ = {
			isa = XCBuildConfiguration;
			buildSettings = {
				ALWAYS_SEARCH_USER_PATHS = NO;
				CLANG_CXX_LANGUAGE_STANDARD = "gnu++0x";
				CLANG_CXX_LIBRARY = "libc++";
				CLANG_ENABLE_MODULES = YES;
				CLANG_ENABLE_OBJC_ARC = YES;
				CLANG_WARN_BOOL_CONVERSION = YES;
				CLANG_WARN_CONSTANT_CONVERSION = YES;
				CLANG_WARN_DIRECT_OBJC_ISA_USAGE = YES_ERROR;
				CLANG_WARN_EMPTY_BODY = YES;
				CLANG_WARN_ENUM_CONVERSION = YES;
				CLANG_WARN_INT_CONVERSION = YES;
				CLANG_WARN_OBJC_ROOT_CLASS = YES_ERROR;
				CLANG_WARN_UNREACHABLE_CODE = YES;
				CLANG_WARN__DUPLICATE_METHOD_MATCH = YES;
				"CODE_SIGN_IDENTITY[sdk=iphoneos*]" = "iPhone Developer";
				COPY_PHASE_STRIP = NO;
				DEBUG_INFORMATION_FORMAT = "dwarf-with-dsym";
				ENABLE_NS_ASSERTIONS = NO;
				ENABLE_STRICT_OBJC_MSGSEND = YES;
				GCC_C_LANGUAGE_STANDARD = gnu99;
				GCC_NO_COMMON_BLOCKS = YES;
				GCC_WARN_64_TO_32_BIT_CONVERSION = YES;
				GCC_WARN_ABOUT_RETURN_TYPE = YES_ERROR;
				GCC_WARN_UNDECLARED_SELECTOR = YES;
				GCC_WARN_UNINITIALIZED_AUTOS = YES_AGGRESSIVE;
				GCC_WARN_UNUSED_FUNCTION = YES;
				GCC_WARN_UNUSED_VARIABLE = YES;
				IPHONEOS_DEPLOYMENT_TARGET = 9.3;
				MTL_ENABLE_DEBUG_INFO = NO;
				SDKROOT = iphoneos;
				VALIDATE_PRODUCT = YES;
			};
			name = Release;
		};
		2329F56E1C66C4C900F8270E /* Debug */ = {
			isa = XCBuildConfiguration;
			buildSettings = {
				ASSETCATALOG_COMPILER_APPICON_NAME = AppIcon;
				INFOPLIST_FILE = ProyectosTec/Info.plist;
				LD_RUNPATH_SEARCH_PATHS = "$(inherited) @executable_path/Frameworks";
				PRODUCT_BUNDLE_IDENTIFIER = PH.ProyectosTec;
				PRODUCT_NAME = "$(TARGET_NAME)";
			};
			name = Debug;
		};
		2329F56F1C66C4C900F8270E /* Release */ = {
			isa = XCBuildConfiguration;
			buildSettings = {
				ASSETCATALOG_COMPILER_APPICON_NAME = AppIcon;
				INFOPLIST_FILE = ProyectosTec/Info.plist;
				LD_RUNPATH_SEARCH_PATHS = "$(inherited) @executable_path/Frameworks";
				PRODUCT_BUNDLE_IDENTIFIER = PH.ProyectosTec;
				PRODUCT_NAME = "$(TARGET_NAME)";
			};
			name = Release;
		};
		2329F5711C66C4C900F8270E /* Debug */ = {
			isa = XCBuildConfiguration;
			buildSettings = {
				BUNDLE_LOADER = "$(TEST_HOST)";
				INFOPLIST_FILE = ProyectosTecTests/Info.plist;
				LD_RUNPATH_SEARCH_PATHS = "$(inherited) @executable_path/Frameworks @loader_path/Frameworks";
				PRODUCT_BUNDLE_IDENTIFIER = PH.ProyectosTecTests;
				PRODUCT_NAME = "$(TARGET_NAME)";
				TEST_HOST = "$(BUILT_PRODUCTS_DIR)/ProyectosTec.app/ProyectosTec";
			};
			name = Debug;
		};
		2329F5721C66C4C900F8270E /* Release */ = {
			isa = XCBuildConfiguration;
			buildSettings = {
				BUNDLE_LOADER = "$(TEST_HOST)";
				INFOPLIST_FILE = ProyectosTecTests/Info.plist;
				LD_RUNPATH_SEARCH_PATHS = "$(inherited) @executable_path/Frameworks @loader_path/Frameworks";
				PRODUCT_BUNDLE_IDENTIFIER = PH.ProyectosTecTests;
				PRODUCT_NAME = "$(TARGET_NAME)";
				TEST_HOST = "$(BUILT_PRODUCTS_DIR)/ProyectosTec.app/ProyectosTec";
			};
			name = Release;
		};
		2329F5741C66C4C900F8270E /* Debug */ = {
			isa = XCBuildConfiguration;
			buildSettings = {
				INFOPLIST_FILE = ProyectosTecUITests/Info.plist;
				LD_RUNPATH_SEARCH_PATHS = "$(inherited) @executable_path/Frameworks @loader_path/Frameworks";
				PRODUCT_BUNDLE_IDENTIFIER = PH.ProyectosTecUITests;
				PRODUCT_NAME = "$(TARGET_NAME)";
				TEST_TARGET_NAME = ProyectosTec;
			};
			name = Debug;
		};
		2329F5751C66C4C900F8270E /* Release */ = {
			isa = XCBuildConfiguration;
			buildSettings = {
				INFOPLIST_FILE = ProyectosTecUITests/Info.plist;
				LD_RUNPATH_SEARCH_PATHS = "$(inherited) @executable_path/Frameworks @loader_path/Frameworks";
				PRODUCT_BUNDLE_IDENTIFIER = PH.ProyectosTecUITests;
				PRODUCT_NAME = "$(TARGET_NAME)";
				TEST_TARGET_NAME = ProyectosTec;
			};
			name = Release;
		};
/* End XCBuildConfiguration section */

/* Begin XCConfigurationList section */
		2329F5401C66C4C900F8270E /* Build configuration list for PBXProject "ProyectosTec" */ = {
			isa = XCConfigurationList;
			buildConfigurations = (
				2329F56B1C66C4C900F8270E /* Debug */,
				2329F56C1C66C4C900F8270E /* Release */,
			);
			defaultConfigurationIsVisible = 0;
			defaultConfigurationName = Release;
		};
		2329F56D1C66C4C900F8270E /* Build configuration list for PBXNativeTarget "ProyectosTec" */ = {
			isa = XCConfigurationList;
			buildConfigurations = (
				2329F56E1C66C4C900F8270E /* Debug */,
				2329F56F1C66C4C900F8270E /* Release */,
			);
			defaultConfigurationIsVisible = 0;
			defaultConfigurationName = Release;
		};
		2329F5701C66C4C900F8270E /* Build configuration list for PBXNativeTarget "ProyectosTecTests" */ = {
			isa = XCConfigurationList;
			buildConfigurations = (
				2329F5711C66C4C900F8270E /* Debug */,
				2329F5721C66C4C900F8270E /* Release */,
			);
			defaultConfigurationIsVisible = 0;
			defaultConfigurationName = Release;
		};
		2329F5731C66C4C900F8270E /* Build configuration list for PBXNativeTarget "ProyectosTecUITests" */ = {
			isa = XCConfigurationList;
			buildConfigurations = (
				2329F5741C66C4C900F8270E /* Debug */,
				2329F5751C66C4C900F8270E /* Release */,
			);
			defaultConfigurationIsVisible = 0;
			defaultConfigurationName = Release;
		};
/* End XCConfigurationList section */
	};
	rootObject = 2329F53D1C66C4C900F8270E /* Project object */;
}
